
Microsoft Visual Studio Solution File, Format Version 12.00
# Visual Studio Version 16
VisualStudioVersion = 16.0.31205.134
MinimumVisualStudioVersion = 10.0.40219.1
Project("{9A19103F-16F7-4668-BE54-9A1E7A4F7556}") = "SignalRFunctionApp", "SignalRFunctionApp\SignalRFunctionApp.csproj", "{90E42545-0E91-4CCE-A538-A08B0FFD26CA}"
EndProject
Global
	GlobalSection(SolutionConfigurationPlatforms) = preSolution
		Debug|Any CPU = Debug|Any CPU
		Release|Any CPU = Release|Any CPU
	EndGlobalSection
	GlobalSection(ProjectConfigurationPlatforms) = postSolution
		{90E42545-0E91-4CCE-A538-A08B0FFD26CA}.Debug|Any CPU.ActiveCfg = Debug|Any CPU
		{90E42545-0E91-4CCE-A538-A08B0FFD26CA}.Debug|Any CPU.Build.0 = Debug|Any CPU
		{90E42545-0E91-4CCE-A538-A08B0FFD26CA}.Release|Any CPU.ActiveCfg = Release|Any CPU
		{90E42545-0E91-4CCE-A538-A08B0FFD26CA}.Release|Any CPU.Build.0 = Release|Any CPU
	EndGlobalSection
	GlobalSection(SolutionProperties) = preSolution
		HideSolutionNode = FALSE
	EndGlobalSection
	GlobalSection(ExtensibilityGlobals) = postSolution
		SolutionGuid = {DC20C898-654F-4EE8-A587-5947B66FBABC}
	EndGlobalSection
EndGlobal
